
Microsoft Visual Studio Solution File, Format Version 11.00
# Visual Studio 2010
Project("{FAE04EC0-301F-11D3-BF4B-00C04F79EFBC}") = "Assembly-CSharp", "Assembly-CSharp.csproj", "{69e43726-db0a-d738-e73a-f83e375ffdc7}"
EndProject
Project("{FAE04EC0-301F-11D3-BF4B-00C04F79EFBC}") = "Assembly-CSharp-Editor", "Assembly-CSharp-Editor.csproj", "{a93443b5-c86e-885f-1dd0-6ea944da5d25}"
EndProject
Global
	GlobalSection(SolutionConfigurationPlatforms) = preSolution
		Debug|Any CPU = Debug|Any CPU
	EndGlobalSection
	GlobalSection(ProjectConfigurationPlatforms) = postSolution
		{69e43726-db0a-d738-e73a-f83e375ffdc7}.Debug|Any CPU.ActiveCfg = Debug|Any CPU
		{69e43726-db0a-d738-e73a-f83e375ffdc7}.Debug|Any CPU.Build.0 = Debug|Any CPU
		{a93443b5-c86e-885f-1dd0-6ea944da5d25}.Debug|Any CPU.ActiveCfg = Debug|Any CPU
		{a93443b5-c86e-885f-1dd0-6ea944da5d25}.Debug|Any CPU.Build.0 = Debug|Any CPU
	EndGlobalSection
	GlobalSection(SolutionProperties) = preSolution
		HideSolutionNode = FALSE
	EndGlobalSection
EndGlobal
